
Microsoft Visual Studio Solution File, Format Version 12.00
# Visual Studio Version 17
VisualStudioVersion = 17.5.33502.453
MinimumVisualStudioVersion = 10.0.40219.1
Project("{FAE04EC0-301F-11D3-BF4B-00C04F79EFBC}") = "ConsumeRandomJokeApi", "ConsumeRandomJokeApi\ConsumeRandomJokeApi.csproj", "{70B6AA25-C97F-4754-8C3C-F0692816033D}"
EndProject
Project("{FAE04EC0-301F-11D3-BF4B-00C04F79EFBC}") = "Model", "Model\Model.csproj", "{DC8420F9-24F7-415E-96CF-C997732BA0A2}"
EndProject
Project("{FAE04EC0-301F-11D3-BF4B-00C04F79EFBC}") = "Services", "BusinessLogic\Services.csproj", "{86E18A35-8046-47B7-BC7B-13965104E2AF}"
EndProject
Global
	GlobalSection(SolutionConfigurationPlatforms) = preSolution
		Debug|Any CPU = Debug|Any CPU
		Release|Any CPU = Release|Any CPU
	EndGlobalSection
	GlobalSection(ProjectConfigurationPlatforms) = postSolution
		{70B6AA25-C97F-4754-8C3C-F0692816033D}.Debug|Any CPU.ActiveCfg = Debug|Any CPU
		{70B6AA25-C97F-4754-8C3C-F0692816033D}.Debug|Any CPU.Build.0 = Debug|Any CPU
		{70B6AA25-C97F-4754-8C3C-F0692816033D}.Release|Any CPU.ActiveCfg = Release|Any CPU
		{70B6AA25-C97F-4754-8C3C-F0692816033D}.Release|Any CPU.Build.0 = Release|Any CPU
		{DC8420F9-24F7-415E-96CF-C997732BA0A2}.Debug|Any CPU.ActiveCfg = Debug|Any CPU
		{DC8420F9-24F7-415E-96CF-C997732BA0A2}.Debug|Any CPU.Build.0 = Debug|Any CPU
		{DC8420F9-24F7-415E-96CF-C997732BA0A2}.Release|Any CPU.ActiveCfg = Release|Any CPU
		{DC8420F9-24F7-415E-96CF-C997732BA0A2}.Release|Any CPU.Build.0 = Release|Any CPU
		{86E18A35-8046-47B7-BC7B-13965104E2AF}.Debug|Any CPU.ActiveCfg = Debug|Any CPU
		{86E18A35-8046-47B7-BC7B-13965104E2AF}.Debug|Any CPU.Build.0 = Debug|Any CPU
		{86E18A35-8046-47B7-BC7B-13965104E2AF}.Release|Any CPU.ActiveCfg = Release|Any CPU
		{86E18A35-8046-47B7-BC7B-13965104E2AF}.Release|Any CPU.Build.0 = Release|Any CPU
	EndGlobalSection
	GlobalSection(SolutionProperties) = preSolution
		HideSolutionNode = FALSE
	EndGlobalSection
	GlobalSection(ExtensibilityGlobals) = postSolution
		SolutionGuid = {91DFA683-04E8-47C2-8B4B-F99191069A2C}
	EndGlobalSection
EndGlobal
